
Microsoft Visual Studio Solution File, Format Version 12.00
# Visual Studio 14
VisualStudioVersion = 14.0.23107.0
MinimumVisualStudioVersion = 10.0.40219.1
Project("{FAE04EC0-301F-11D3-BF4B-00C04F79EFBC}") = "svc", "svc\svc.csproj", "{FF7CD6C3-9C03-4168-B0E9-4FD8902A5E91}"
EndProject
Project("{FAE04EC0-301F-11D3-BF4B-00C04F79EFBC}") = "svc.tests", "svc.tests\svc.tests.csproj", "{7DF75DE6-0AFE-4E7A-94FE-B77F6D6B4781}"
EndProject
Global
	GlobalSection(SolutionConfigurationPlatforms) = preSolution
		Debug|Any CPU = Debug|Any CPU
		Release|Any CPU = Release|Any CPU
	EndGlobalSection
	GlobalSection(ProjectConfigurationPlatforms) = postSolution
		{FF7CD6C3-9C03-4168-B0E9-4FD8902A5E91}.Debug|Any CPU.ActiveCfg = Debug|Any CPU
		{FF7CD6C3-9C03-4168-B0E9-4FD8902A5E91}.Debug|Any CPU.Build.0 = Debug|Any CPU
		{FF7CD6C3-9C03-4168-B0E9-4FD8902A5E91}.Release|Any CPU.ActiveCfg = Release|Any CPU
		{FF7CD6C3-9C03-4168-B0E9-4FD8902A5E91}.Release|Any CPU.Build.0 = Release|Any CPU
		{7DF75DE6-0AFE-4E7A-94FE-B77F6D6B4781}.Debug|Any CPU.ActiveCfg = Debug|Any CPU
		{7DF75DE6-0AFE-4E7A-94FE-B77F6D6B4781}.Debug|Any CPU.Build.0 = Debug|Any CPU
		{7DF75DE6-0AFE-4E7A-94FE-B77F6D6B4781}.Release|Any CPU.ActiveCfg = Release|Any CPU
		{7DF75DE6-0AFE-4E7A-94FE-B77F6D6B4781}.Release|Any CPU.Build.0 = Release|Any CPU
	EndGlobalSection
	GlobalSection(SolutionProperties) = preSolution
		HideSolutionNode = FALSE
	EndGlobalSection
EndGlobal
